
Microsoft Visual Studio Solution File, Format Version 12.00
# Visual Studio Version 17
VisualStudioVersion = 17.1.32228.430
MinimumVisualStudioVersion = 10.0.40219.1
Project("{FAE04EC0-301F-11D3-BF4B-00C04F79EFBC}") = "Cual es el valor de (+)", "Cual es el valor de (+).csproj", "{7F6A4929-C8C0-49BE-AB86-AAF8A418C9D0}"
EndProject
Global
	GlobalSection(SolutionConfigurationPlatforms) = preSolution
		Debug|Any CPU = Debug|Any CPU
		Release|Any CPU = Release|Any CPU
	EndGlobalSection
	GlobalSection(ProjectConfigurationPlatforms) = postSolution
		{7F6A4929-C8C0-49BE-AB86-AAF8A418C9D0}.Debug|Any CPU.ActiveCfg = Debug|Any CPU
		{7F6A4929-C8C0-49BE-AB86-AAF8A418C9D0}.Debug|Any CPU.Build.0 = Debug|Any CPU
		{7F6A4929-C8C0-49BE-AB86-AAF8A418C9D0}.Release|Any CPU.ActiveCfg = Release|Any CPU
		{7F6A4929-C8C0-49BE-AB86-AAF8A418C9D0}.Release|Any CPU.Build.0 = Release|Any CPU
	EndGlobalSection
	GlobalSection(SolutionProperties) = preSolution
		HideSolutionNode = FALSE
	EndGlobalSection
	GlobalSection(ExtensibilityGlobals) = postSolution
		SolutionGuid = {9E3AAAD4-403D-4BBF-BDE9-43CC45C7E81B}
	EndGlobalSection
EndGlobal
